{
  "version": "5",
  "specifiers": {
    "npm:@supabase/supabase-js@2.112.4": "2.112.4",
    "npm:deno@2.9.6": "2.9.6",
    "npm:livekit-server-sdk@2.18.0": "2.18.0",
    "npm:postgres@3.4.3": "3.4.3"
  },
  "npm": {
    "@bufbuild/protobuf@1.10.1": {
      "integrity": "sha512-wJ8ReQbHxsAfXhrf9ixl0aYbZorRuOWpBNzm8pL8ftmSxQx/wnJD5Eg861NwJU/czy2VXFIebCeZnZrI9rktIQ=="
    },
    "@deno/darwin-arm64@2.9.6": {
      "integrity": "sha512-V8uO1Aolrl/yvdMb5lOtgtigs8YuZBjrOrgviVMiYkQ0swymFfzkae1wZak4Xi24t7vf7d/eiMb/7ryjjVm+tg==",
      "os": ["darwin"],
      "cpu": ["arm64"]
    },
    "@deno/darwin-x64@2.9.6": {
      "integrity": "sha512-tPi3CWPRdjW1MaWlvWjORE7Ass5SADdWdj1BF1Q1PEdzi+5u/mC5YhmZzniMiPr81PpaFeqjXaLAsfb8lFsZ0Q==",
      "os": ["darwin"],
      "cpu": ["x64"]
    },
    "@deno/linux-arm64-glibc@2.9.6": {
      "integrity": "sha512-poqhoH9B3nYloigEMPT5t8HY+wBeiuea1An5Q7fqgJzP0SYmWsoS/oUnWO/pEiA4ofzIBy1Elt/in58xKtxEoQ==",
      "os": ["linux"],
      "cpu": ["arm64"]
    },
    "@deno/linux-x64-glibc@2.9.6": {
      "integrity": "sha512-3md4TKLCuzsLDmfOoC5KN7NAZaxSVkMgm64vg6foD00JBADCpYS2/5QqXfzgnP5ZQz3iLP9vBQJtEgc116OAoQ==",
      "os": ["linux"],
      "cpu": ["x64"]
    },
    "@deno/win32-arm64@2.9.6": {
      "integrity": "sha512-iHSHs89g2Uy6k0bGHmXkgzTIW8WXImYPpvqRRO/zNsK1/N79PcjvAth1TuQatuIALcLdocstPs/PAYtndbfr0A==",
      "os": ["win32"],
      "cpu": ["arm64"]
    },
    "@deno/win32-x64@2.9.6": {
      "integrity": "sha512-qRGnmVz/Ea6UWPht/S3xFRK17UZ/ls38DSVfgGB17fpASLxPkksqzWUI/BzL9YYoOknYzfc94mySGyInZu/JXw==",
      "os": ["win32"],
      "cpu": ["x64"]
    },
    "@livekit/protocol@1.48.0": {
      "integrity": "sha512-fYHYgltH6YavAsokl3qsHLkBdQeKCl4UORVTub5crS3t8JtKFZ0uinHDFQ+XXdNKS6Ub9gcOjV+UHcDiqnWXoQ==",
      "dependencies": [
        "@bufbuild/protobuf"
      ]
    },
    "@supabase/auth-js@2.112.4": {
      "integrity": "sha512-z8DesgwLzKM5PiT0yNmJU8VJyh1zAhYi+20Z7drdJQLXg/wWW4yGt/un+He5ERYUo94Vz66t5aeyr1DIDemI5A==",
      "dependencies": [
        "tslib"
      ]
    },
    "@supabase/functions-js@2.112.4": {
      "integrity": "sha512-DQ0aVH8wSQAccVqNoEkec62qCu2QRNyoGN53RqsVZ1k6F1zq4/v8scrlR6LNT2RJmT97apiTmORijPVhErCS2g==",
      "dependencies": [
        "tslib"
      ]
    },
    "@supabase/phoenix@0.4.5": {
      "integrity": "sha512-aAn9H9ovVyeApKy11OWOrrOGq8DV68yWeH4ud2lN9fzn4aO8Zb5GLL9m1pUg9nLqIcT+ZDfAcsZe0E/nqdv2lw=="
    },
    "@supabase/postgrest-js@2.112.4": {
      "integrity": "sha512-uaubtPSeg2TR4wrtfQoQWgkTAe+a0qWX2KhmwvTfNl5mGN9+U7owiJt6abk3o/V6O899PSRD1yzxs5RlF4xTug==",
      "dependencies": [
        "tslib"
      ]
    },
    "@supabase/realtime-js@2.112.4": {
      "integrity": "sha512-vZ+j079SKrM0Xiq7MJCvQKLDpaH2kfKfLY68xuQE1sqsCsMmx1CyrDBJHsxZ3cX01VOs5SI9igmoZAF3BmdZxw==",
      "dependencies": [
        "@supabase/phoenix",
        "tslib"
      ]
    },
    "@supabase/storage-js@2.112.4": {
      "integrity": "sha512-lQ0JemuTlMIXVKgSci1qez8yPnM5hyDngeAfEBjZS2Om4D+Cus0EE5BE6glFobrxdyii1OF4UzWfF0zcQgDq5A==",
      "dependencies": [
        "iceberg-js",
        "tslib"
      ]
    },
    "@supabase/supabase-js@2.112.4": {
      "integrity": "sha512-UiCX1udlFY1fQQrO7Z3GU7obQsju0w5Vk9mOOwalfo/+Gy+tahWVenSSuu5E/GTy/q//HxvGv2IrCdW66/61kw==",
      "dependencies": [
        "@supabase/auth-js",
        "@supabase/functions-js",
        "@supabase/postgrest-js",
        "@supabase/realtime-js",
        "@supabase/storage-js"
      ]
    },
    "deno@2.9.6": {
      "integrity": "sha512-cr16GxYiUeH1juNvFTMOxt99V5QRVmANfy5UsZvE5hjC6P/o4Op/MBbRhLeBOL8WJpV6tr9hb+Kjb1MW0nEoVg==",
      "optionalDependencies": [
        "@deno/darwin-arm64",
        "@deno/darwin-x64",
        "@deno/linux-arm64-glibc",
        "@deno/linux-x64-glibc",
        "@deno/win32-arm64",
        "@deno/win32-x64"
      ],
      "scripts": true,
      "bin": true
    },
    "iceberg-js@0.8.1": {
      "integrity": "sha512-1dhVQZXhcHje7798IVM+xoo/1ZdVfzOMIc8/rgVSijRK38EDqOJoGula9N/8ZI5RD8QTxNQtK/Gozpr+qUqRRA=="
    },
    "jose@5.10.0": {
      "integrity": "sha512-s+3Al/p9g32Iq+oqXxkW//7jk2Vig6FF1CFqzVXoTUXt2qz89YWbL+OwS17NFYEvxC35n0FKeGO2LGYSxeM2Gg=="
    },
    "livekit-server-sdk@2.18.0": {
      "integrity": "sha512-iUGmkbyi0g4DHKQ0Z4VSVs/V+ddp3T75ccQIe6LX94AYlqgyh+SVSM1lQMjFQuI3Qh6Z9v06T4xxV+vWmp7VeQ==",
      "dependencies": [
        "@bufbuild/protobuf",
        "@livekit/protocol",
        "jose"
      ]
    },
    "postgres@3.4.3": {
      "integrity": "sha512-iHJn4+M9vbTdHSdDzNkC0crHq+1CUdFhx+YqCE+SqWxPjm+Zu63jq7yZborOBF64c8pc58O5uMudyL1FQcHacA=="
    },
    "tslib@2.8.1": {
      "integrity": "sha512-oJFu94HQb+KVduSUQL7wnpmqnfmLsOA/nAh6b6EH0wCEoK0/mPeXU6c3wKDV83MkOuHPRHtSXKKU99IBazS/2w=="
    }
  },
  "workspace": {
    "packageJson": {
      "dependencies": [
        "npm:deno@2.9.6"
      ]
    }
  }
}
